// !$*UTF8*$!
{
	archiveVersion = 1;
	classes = {
	};
	objectVersion = 46;
	objects = {

/* Begin PBXBuildFile section */
		10AC19CB1CBD474200FE18E8 /* main.m in Sources */ = {isa = PBXBuildFile; fileRef = 10AC19CA1CBD474200FE18E8 /* main.m */; };
		10AC19CE1CBD474200FE18E8 /* AppDelegate.m in Sources */ = {isa = PBXBuildFile; fileRef = 10AC19CD1CBD474200FE18E8 /* AppDelegate.m */; };
		10AC19D11CBD474200FE18E8 /* ViewController.m in Sources */ = {isa = PBXBuildFile; fileRef = 10AC19D01CBD474200FE18E8 /* ViewController.m */; };
		10AC19D41CBD474200FE18E8 /* Main.storyboard in Resources */ = {isa = PBXBuildFile; fileRef = 10AC19D21CBD474200FE18E8 /* Main.storyboard */; };
		10AC19D61CBD474200FE18E8 /* Assets.xcassets in Resources */ = {isa = PBXBuildFile; fileRef = 10AC19D51CBD474200FE18E8 /* Assets.xcassets */; };
		10AC19D91CBD474200FE18E8 /* LaunchScreen.storyboard in Resources */ = {isa = PBXBuildFile; fileRef = 10AC19D71CBD474200FE18E8 /* LaunchScreen.storyboard */; };
/* End PBXBuildFile section */

/* Begin PBXFileReference section */
		10AC19C61CBD474200FE18E8 /* Assignment8_3_1.app */ = {isa = PBXFileReference; explicitFileType = wrapper.application; includeInIndex = 0; path = Assignment8_3_1.app; sourceTree = BUILT_PRODUCTS_DIR; };
		10AC19CA1CBD474200FE18E8 /* main.m */ = {isa = PBXFileReference; lastKnownFileType = sourcecode.c.objc; path = main.m; sourceTree = "<group>"; };
		10AC19CC1CBD474200FE18E8 /* AppDelegate.h */ = {isa = PBXFileReference; lastKnownFileType = sourcecode.c.h; path = AppDelegate.h; sourceTree = "<group>"; };
		10AC19CD1CBD474200FE18E8 /* AppDelegate.m */ = {isa = PBXFileReference; lastKnownFileType = sourcecode.c.objc; path = AppDelegate.m; sourceTree = "<group>"; };
		10AC19CF1CBD474200FE18E8 /* ViewController.h */ = {isa = PBXFileReference; lastKnownFileType = sourcecode.c.h; path = ViewController.h; sourceTree = "<group>"; };
		10AC19D01CBD474200FE18E8 /* ViewController.m */ = {isa = PBXFileReference; lastKnownFileType = sourcecode.c.objc; path = ViewController.m; sourceTree = "<group>"; };
		10AC19D31CBD474200FE18E8 /* Base */ = {isa = PBXFileReference; lastKnownFileType = file.storyboard; name = Base; path = Base.lproj/Main.storyboard; sourceTree = "<group>"; };
		10AC19D51CBD474200FE18E8 /* Assets.xcassets */ = {isa = PBXFileReference; lastKnownFileType = folder.assetcatalog; path = Assets.xcassets; sourceTree = "<group>"; };
		10AC19D81CBD474200FE18E8 /* Base */ = {isa = PBXFileReference; lastKnownFileType = file.storyboard; name = Base; path = Base.lproj/LaunchScreen.storyboard; sourceTree = "<group>"; };
		10AC19DA1CBD474200FE18E8 /* Info.plist */ = {isa = PBXFileReference; lastKnownFileType = text.plist.xml; path = Info.plist; sourceTree = "<group>"; };
/* End PBXFileReference section */

/* Begin PBXFrameworksBuildPhase section */
		10AC19C31CBD474200FE18E8 /* Frameworks */ = {
			isa = PBXFrameworksBuildPhase;
			buildActionMask = 2147483647;
			files = (
			);
			runOnlyForDeploymentPostprocessing = 0;
		};
/* End PBXFrameworksBuildPhase section */

/* Begin PBXGroup section */
		10AC19BD1CBD474200FE18E8 = {
			isa = PBXGroup;
			children = (
				10AC19C81CBD474200FE18E8 /* Assignment8_3 */,
				10AC19C71CBD474200FE18E8 /* Products */,
			);
			sourceTree = "<group>";
		};
		10AC19C71CBD474200FE18E8 /* Products */ = {
			isa = PBXGroup;
			children = (
				10AC19C61CBD474200FE18E8 /* Assignment8_3_1.app */,
			);
			name = Products;
			sourceTree = "<group>";
		};
		10AC19C81CBD474200FE18E8 /* Assignment8_3 */ = {
			isa = PBXGroup;
			children = (
				10AC19CC1CBD474200FE18E8 /* AppDelegate.h */,
				10AC19CD1CBD474200FE18E8 /* AppDelegate.m */,
				10AC19CF1CBD474200FE18E8 /* ViewController.h */,
				10AC19D01CBD474200FE18E8 /* ViewController.m */,
				10AC19D21CBD474200FE18E8 /* Main.storyboard */,
				10AC19D51CBD474200FE18E8 /* Assets.xcassets */,
				10AC19D71CBD474200FE18E8 /* LaunchScreen.storyboard */,
				10AC19DA1CBD474200FE18E8 /* Info.plist */,
				10AC19C91CBD474200FE18E8 /* Supporting Files */,
			);
			path = Assignment8_3;
			sourceTree = "<group>";
		};
		10AC19C91CBD474200FE18E8 /* Supporting Files */ = {
			isa = PBXGroup;
			children = (
				10AC19CA1CBD474200FE18E8 /* main.m */,
			);
			name = "Supporting Files";
			sourceTree = "<group>";
		};
/* End PBXGroup section */

/* Begin PBXNativeTarget section */
		10AC19C51CBD474200FE18E8 /* Assignment8_3_1 */ = {
			isa = PBXNativeTarget;
			buildConfigurationList = 10AC19DD1CBD474200FE18E8 /* Build configuration list for PBXNativeTarget "Assignment8_3_1" */;
			buildPhases = (
				10AC19C21CBD474200FE18E8 /* Sources */,
				10AC19C31CBD474200FE18E8 /* Frameworks */,
				10AC19C41CBD474200FE18E8 /* Resources */,
			);
			buildRules = (
			);
			dependencies = (
			);
			name = Assignment8_3_1;
			productName = Assignment8_3;
			productReference = 10AC19C61CBD474200FE18E8 /* Assignment8_3_1.app */;
			productType = "com.apple.product-type.application";
		};
/* End PBXNativeTarget section */

/* Begin PBXProject section */
		10AC19BE1CBD474200FE18E8 /* Project object */ = {
			isa = PBXProject;
			attributes = {
				LastUpgradeCheck = 0720;
				ORGANIZATIONNAME = "Tech Kids";
				TargetAttributes = {
					10AC19C51CBD474200FE18E8 = {
						CreatedOnToolsVersion = 7.2;
					};
				};
			};
			buildConfigurationList = 10AC19C11CBD474200FE18E8 /* Build configuration list for PBXProject "Assignment8_3_1" */;
			compatibilityVersion = "Xcode 3.2";
			developmentRegion = English;
			hasScannedForEncodings = 0;
			knownRegions = (
				en,
				Base,
			);
			mainGroup = 10AC19BD1CBD474200FE18E8;
			productRefGroup = 10AC19C71CBD474200FE18E8 /* Products */;
			projectDirPath = "";
			projectRoot = "";
			targets = (
				10AC19C51CBD474200FE18E8 /* Assignment8_3_1 */,
			);
		};
/* End PBXProject section */

/* Begin PBXResourcesBuildPhase section */
		10AC19C41CBD474200FE18E8 /* Resources */ = {
			isa = PBXResourcesBuildPhase;
			buildActionMask = 2147483647;
			files = (
				10AC19D91CBD474200FE18E8 /* LaunchScreen.storyboard in Resources */,
				10AC19D61CBD474200FE18E8 /* Assets.xcassets in Resources */,
				10AC19D41CBD474200FE18E8 /* Main.storyboard in Resources */,
			);
			runOnlyForDeploymentPostprocessing = 0;
		};
/* End PBXResourcesBuildPhase section */

/* Begin PBXSourcesBuildPhase section */
		10AC19C21CBD474200FE18E8 /* Sources */ = {
			isa = PBXSourcesBuildPhase;
			buildActionMask = 2147483647;
			files = (
				10AC19D11CBD474200FE18E8 /* ViewController.m in Sources */,
				10AC19CE1CBD474200FE18E8 /* AppDelegate.m in Sources */,
				10AC19CB1CBD474200FE18E8 /* main.m in Sources */,
			);
			runOnlyForDeploymentPostprocessing = 0;
		};
/* End PBXSourcesBuildPhase section */

/* Begin PBXVariantGroup section */
		10AC19D21CBD474200FE18E8 /* Main.storyboard */ = {
			isa = PBXVariantGroup;
			children = (
				10AC19D31CBD474200FE18E8 /* Base */,
			);
			name = Main.storyboard;
			sourceTree = "<group>";
		};
		10AC19D71CBD474200FE18E8 /* LaunchScreen.storyboard */ = {
			isa = PBXVariantGroup;
			children = (
				10AC19D81CBD474200FE18E8 /* Base */,
			);
			name = LaunchScreen.storyboard;
			sourceTree = "<group>";
		};
/* End PBXVariantGroup section */

/* Begin XCBuildConfiguration section */
		10AC19DB1CBD474200FE18E8 /* Debug */ = {
			isa = XCBuildConfiguration;
			buildSettings = {
				ALWAYS_SEARCH_USER_PATHS = NO;
				CLANG_CXX_LANGUAGE_STANDARD = "gnu++0x";
				CLANG_CXX_LIBRARY = "libc++";
				CLANG_ENABLE_MODULES = YES;
				CLANG_ENABLE_OBJC_ARC = YES;
				CLANG_WARN_BOOL_CONVERSION = YES;
				CLANG_WARN_CONSTANT_CONVERSION = YES;
				CLANG_WARN_DIRECT_OBJC_ISA_USAGE = YES_ERROR;
				CLANG_WARN_EMPTY_BODY = YES;
				CLANG_WARN_ENUM_CONVERSION = YES;
				CLANG_WARN_INT_CONVERSION = YES;
				CLANG_WARN_OBJC_ROOT_CLASS = YES_ERROR;
				CLANG_WARN_UNREACHABLE_CODE = YES;
				CLANG_WARN__DUPLICATE_METHOD_MATCH = YES;
				"CODE_SIGN_IDENTITY[sdk=iphoneos*]" = "iPhone Developer";
				COPY_PHASE_STRIP = NO;
				DEBUG_INFORMATION_FORMAT = dwarf;
				ENABLE_STRICT_OBJC_MSGSEND = YES;
				ENABLE_TESTABILITY = YES;
				GCC_C_LANGUAGE_STANDARD = gnu99;
				GCC_DYNAMIC_NO_PIC = NO;
				GCC_NO_COMMON_BLOCKS = YES;
				GCC_OPTIMIZATION_LEVEL = 0;
				GCC_PREPROCESSOR_DEFINITIONS = (
					"DEBUG=1",
					"$(inherited)",
				);
				GCC_WARN_64_TO_32_BIT_CONVERSION = YES;
				GCC_WARN_ABOUT_RETURN_TYPE = YES_ERROR;
				GCC_WARN_UNDECLARED_SELECTOR = YES;
				GCC_WARN_UNINITIALIZED_AUTOS = YES_AGGRESSIVE;
				GCC_WARN_UNUSED_FUNCTION = YES;
				GCC_WARN_UNUSED_VARIABLE = YES;
				IPHONEOS_DEPLOYMENT_TARGET = 9.2;
				MTL_ENABLE_DEBUG_INFO = YES;
				ONLY_ACTIVE_ARCH = YES;
				SDKROOT = iphoneos;
				TARGETED_DEVICE_FAMILY = "1,2";
			};
			name = Debug;
		};
		10AC19DC1CBD474200FE18E8 /* Release */ = {
			isa = XCBuildConfiguration;
			buildSettings = {
				ALWAYS_SEARCH_USER_PATHS = NO;
				CLANG_CXX_LANGUAGE_STANDARD = "gnu++0x";
				CLANG_CXX_LIBRARY = "libc++";
				CLANG_ENABLE_MODULES = YES;
				CLANG_ENABLE_OBJC_ARC = YES;
				CLANG_WARN_BOOL_CONVERSION = YES;
				CLANG_WARN_CONSTANT_CONVERSION = YES;
				CLANG_WARN_DIRECT_OBJC_ISA_USAGE = YES_ERROR;
				CLANG_WARN_EMPTY_BODY = YES;
				CLANG_WARN_ENUM_CONVERSION = YES;
				CLANG_WARN_INT_CONVERSION = YES;
				CLANG_WARN_OBJC_ROOT_CLASS = YES_ERROR;
				CLANG_WARN_UNREACHABLE_CODE = YES;
				CLANG_WARN__DUPLICATE_METHOD_MATCH = YES;
				"CODE_SIGN_IDENTITY[sdk=iphoneos*]" = "iPhone Developer";
				COPY_PHASE_STRIP = NO;
				DEBUG_INFORMATION_FORMAT = "dwarf-with-dsym";
				ENABLE_NS_ASSERTIONS = NO;
				ENABLE_STRICT_OBJC_MSGSEND = YES;
				GCC_C_LANGUAGE_STANDARD = gnu99;
				GCC_NO_COMMON_BLOCKS = YES;
				GCC_WARN_64_TO_32_BIT_CONVERSION = YES;
				GCC_WARN_ABOUT_RETURN_TYPE = YES_ERROR;
				GCC_WARN_UNDECLARED_SELECTOR = YES;
				GCC_WARN_UNINITIALIZED_AUTOS = YES_AGGRESSIVE;
				GCC_WARN_UNUSED_FUNCTION = YES;
				GCC_WARN_UNUSED_VARIABLE = YES;
				IPHONEOS_DEPLOYMENT_TARGET = 9.2;
				MTL_ENABLE_DEBUG_INFO = NO;
				SDKROOT = iphoneos;
				TARGETED_DEVICE_FAMILY = "1,2";
				VALIDATE_PRODUCT = YES;
			};
			name = Release;
		};
		10AC19DE1CBD474200FE18E8 /* Debug */ = {
			isa = XCBuildConfiguration;
			buildSettings = {
				ASSETCATALOG_COMPILER_APPICON_NAME = AppIcon;
				INFOPLIST_FILE = Assignment8_3/Info.plist;
				LD_RUNPATH_SEARCH_PATHS = "$(inherited) @executable_path/Frameworks";
				PRODUCT_BUNDLE_IDENTIFIER = "techkids.Assignment8-3";
				PRODUCT_NAME = Assignment8_3_1;
			};
			name = Debug;
		};
		10AC19DF1CBD474200FE18E8 /* Release */ = {
			isa = XCBuildConfiguration;
			buildSettings = {
				ASSETCATALOG_COMPILER_APPICON_NAME = AppIcon;
				INFOPLIST_FILE = Assignment8_3/Info.plist;
				LD_RUNPATH_SEARCH_PATHS = "$(inherited) @executable_path/Frameworks";
				PRODUCT_BUNDLE_IDENTIFIER = "techkids.Assignment8-3";
				PRODUCT_NAME = Assignment8_3_1;
			};
			name = Release;
		};
/* End XCBuildConfiguration section */

/* Begin XCConfigurationList section */
		10AC19C11CBD474200FE18E8 /* Build configuration list for PBXProject "Assignment8_3_1" */ = {
			isa = XCConfigurationList;
			buildConfigurations = (
				10AC19DB1CBD474200FE18E8 /* Debug */,
				10AC19DC1CBD474200FE18E8 /* Release */,
			);
			defaultConfigurationIsVisible = 0;
			defaultConfigurationName = Release;
		};
		10AC19DD1CBD474200FE18E8 /* Build configuration list for PBXNativeTarget "Assignment8_3_1" */ = {
			isa = XCConfigurationList;
			buildConfigurations = (
				10AC19DE1CBD474200FE18E8 /* Debug */,
				10AC19DF1CBD474200FE18E8 /* Release */,
			);
			defaultConfigurationIsVisible = 0;
			defaultConfigurationName = Release;
		};
/* End XCConfigurationList section */
	};
	rootObject = 10AC19BE1CBD474200FE18E8 /* Project object */;
}
