// !$*UTF8*$!
{
	archiveVersion = 1;
	classes = {
	};
	objectVersion = 46;
	objects = {

/* Begin PBXBuildFile section */
		100BAA7B1CBC19F4001EADAB /* main.m in Sources */ = {isa = PBXBuildFile; fileRef = 100BAA7A1CBC19F4001EADAB /* main.m */; };
		100BAA7E1CBC19F4001EADAB /* AppDelegate.m in Sources */ = {isa = PBXBuildFile; fileRef = 100BAA7D1CBC19F4001EADAB /* AppDelegate.m */; };
		100BAA811CBC19F4001EADAB /* ViewController.m in Sources */ = {isa = PBXBuildFile; fileRef = 100BAA801CBC19F4001EADAB /* ViewController.m */; };
		100BAA841CBC19F4001EADAB /* Main.storyboard in Resources */ = {isa = PBXBuildFile; fileRef = 100BAA821CBC19F4001EADAB /* Main.storyboard */; };
		100BAA861CBC19F4001EADAB /* Assets.xcassets in Resources */ = {isa = PBXBuildFile; fileRef = 100BAA851CBC19F4001EADAB /* Assets.xcassets */; };
		100BAA891CBC19F4001EADAB /* LaunchScreen.storyboard in Resources */ = {isa = PBXBuildFile; fileRef = 100BAA871CBC19F4001EADAB /* LaunchScreen.storyboard */; };
		100BAA911CBC1B5A001EADAB /* Data_1 in Resources */ = {isa = PBXBuildFile; fileRef = 100BAA901CBC1B5A001EADAB /* Data_1 */; };
		100BAA941CBC1BC8001EADAB /* ChatViewController.m in Sources */ = {isa = PBXBuildFile; fileRef = 100BAA931CBC1BC8001EADAB /* ChatViewController.m */; };
/* End PBXBuildFile section */

/* Begin PBXFileReference section */
		100BAA761CBC19F4001EADAB /* Assignment8_1.app */ = {isa = PBXFileReference; explicitFileType = wrapper.application; includeInIndex = 0; path = Assignment8_1.app; sourceTree = BUILT_PRODUCTS_DIR; };
		100BAA7A1CBC19F4001EADAB /* main.m */ = {isa = PBXFileReference; lastKnownFileType = sourcecode.c.objc; path = main.m; sourceTree = "<group>"; };
		100BAA7C1CBC19F4001EADAB /* AppDelegate.h */ = {isa = PBXFileReference; lastKnownFileType = sourcecode.c.h; path = AppDelegate.h; sourceTree = "<group>"; };
		100BAA7D1CBC19F4001EADAB /* AppDelegate.m */ = {isa = PBXFileReference; lastKnownFileType = sourcecode.c.objc; path = AppDelegate.m; sourceTree = "<group>"; };
		100BAA7F1CBC19F4001EADAB /* ViewController.h */ = {isa = PBXFileReference; lastKnownFileType = sourcecode.c.h; path = ViewController.h; sourceTree = "<group>"; };
		100BAA801CBC19F4001EADAB /* ViewController.m */ = {isa = PBXFileReference; lastKnownFileType = sourcecode.c.objc; path = ViewController.m; sourceTree = "<group>"; };
		100BAA831CBC19F4001EADAB /* Base */ = {isa = PBXFileReference; lastKnownFileType = file.storyboard; name = Base; path = Base.lproj/Main.storyboard; sourceTree = "<group>"; };
		100BAA851CBC19F4001EADAB /* Assets.xcassets */ = {isa = PBXFileReference; lastKnownFileType = folder.assetcatalog; path = Assets.xcassets; sourceTree = "<group>"; };
		100BAA881CBC19F4001EADAB /* Base */ = {isa = PBXFileReference; lastKnownFileType = file.storyboard; name = Base; path = Base.lproj/LaunchScreen.storyboard; sourceTree = "<group>"; };
		100BAA8A1CBC19F4001EADAB /* Info.plist */ = {isa = PBXFileReference; lastKnownFileType = text.plist.xml; path = Info.plist; sourceTree = "<group>"; };
		100BAA901CBC1B5A001EADAB /* Data_1 */ = {isa = PBXFileReference; fileEncoding = 4; lastKnownFileType = text; name = Data_1; path = ../../../Downloads/Slot8/Slot8_2/Slot8_2/Data_1; sourceTree = "<group>"; };
		100BAA921CBC1BC8001EADAB /* ChatViewController.h */ = {isa = PBXFileReference; fileEncoding = 4; lastKnownFileType = sourcecode.c.h; path = ChatViewController.h; sourceTree = "<group>"; };
		100BAA931CBC1BC8001EADAB /* ChatViewController.m */ = {isa = PBXFileReference; fileEncoding = 4; lastKnownFileType = sourcecode.c.objc; path = ChatViewController.m; sourceTree = "<group>"; };
/* End PBXFileReference section */

/* Begin PBXFrameworksBuildPhase section */
		100BAA731CBC19F4001EADAB /* Frameworks */ = {
			isa = PBXFrameworksBuildPhase;
			buildActionMask = 2147483647;
			files = (
			);
			runOnlyForDeploymentPostprocessing = 0;
		};
/* End PBXFrameworksBuildPhase section */

/* Begin PBXGroup section */
		100BAA6D1CBC19F4001EADAB = {
			isa = PBXGroup;
			children = (
				100BAA781CBC19F4001EADAB /* Assignment8_1 */,
				100BAA771CBC19F4001EADAB /* Products */,
			);
			sourceTree = "<group>";
		};
		100BAA771CBC19F4001EADAB /* Products */ = {
			isa = PBXGroup;
			children = (
				100BAA761CBC19F4001EADAB /* Assignment8_1.app */,
			);
			name = Products;
			sourceTree = "<group>";
		};
		100BAA781CBC19F4001EADAB /* Assignment8_1 */ = {
			isa = PBXGroup;
			children = (
				100BAA7C1CBC19F4001EADAB /* AppDelegate.h */,
				100BAA7D1CBC19F4001EADAB /* AppDelegate.m */,
				100BAA7F1CBC19F4001EADAB /* ViewController.h */,
				100BAA801CBC19F4001EADAB /* ViewController.m */,
				100BAA821CBC19F4001EADAB /* Main.storyboard */,
				100BAA851CBC19F4001EADAB /* Assets.xcassets */,
				100BAA871CBC19F4001EADAB /* LaunchScreen.storyboard */,
				100BAA901CBC1B5A001EADAB /* Data_1 */,
				100BAA8A1CBC19F4001EADAB /* Info.plist */,
				100BAA791CBC19F4001EADAB /* Supporting Files */,
				100BAA921CBC1BC8001EADAB /* ChatViewController.h */,
				100BAA931CBC1BC8001EADAB /* ChatViewController.m */,
			);
			path = Assignment8_1;
			sourceTree = "<group>";
		};
		100BAA791CBC19F4001EADAB /* Supporting Files */ = {
			isa = PBXGroup;
			children = (
				100BAA7A1CBC19F4001EADAB /* main.m */,
			);
			name = "Supporting Files";
			sourceTree = "<group>";
		};
/* End PBXGroup section */

/* Begin PBXNativeTarget section */
		100BAA751CBC19F4001EADAB /* Assignment8_1 */ = {
			isa = PBXNativeTarget;
			buildConfigurationList = 100BAA8D1CBC19F4001EADAB /* Build configuration list for PBXNativeTarget "Assignment8_1" */;
			buildPhases = (
				100BAA721CBC19F4001EADAB /* Sources */,
				100BAA731CBC19F4001EADAB /* Frameworks */,
				100BAA741CBC19F4001EADAB /* Resources */,
			);
			buildRules = (
			);
			dependencies = (
			);
			name = Assignment8_1;
			productName = Assignment8_1;
			productReference = 100BAA761CBC19F4001EADAB /* Assignment8_1.app */;
			productType = "com.apple.product-type.application";
		};
/* End PBXNativeTarget section */

/* Begin PBXProject section */
		100BAA6E1CBC19F4001EADAB /* Project object */ = {
			isa = PBXProject;
			attributes = {
				LastUpgradeCheck = 0720;
				ORGANIZATIONNAME = "Tech Kids";
				TargetAttributes = {
					100BAA751CBC19F4001EADAB = {
						CreatedOnToolsVersion = 7.2;
					};
				};
			};
			buildConfigurationList = 100BAA711CBC19F4001EADAB /* Build configuration list for PBXProject "Assignment8_1" */;
			compatibilityVersion = "Xcode 3.2";
			developmentRegion = English;
			hasScannedForEncodings = 0;
			knownRegions = (
				en,
				Base,
			);
			mainGroup = 100BAA6D1CBC19F4001EADAB;
			productRefGroup = 100BAA771CBC19F4001EADAB /* Products */;
			projectDirPath = "";
			projectRoot = "";
			targets = (
				100BAA751CBC19F4001EADAB /* Assignment8_1 */,
			);
		};
/* End PBXProject section */

/* Begin PBXResourcesBuildPhase section */
		100BAA741CBC19F4001EADAB /* Resources */ = {
			isa = PBXResourcesBuildPhase;
			buildActionMask = 2147483647;
			files = (
				100BAA911CBC1B5A001EADAB /* Data_1 in Resources */,
				100BAA891CBC19F4001EADAB /* LaunchScreen.storyboard in Resources */,
				100BAA861CBC19F4001EADAB /* Assets.xcassets in Resources */,
				100BAA841CBC19F4001EADAB /* Main.storyboard in Resources */,
			);
			runOnlyForDeploymentPostprocessing = 0;
		};
/* End PBXResourcesBuildPhase section */

/* Begin PBXSourcesBuildPhase section */
		100BAA721CBC19F4001EADAB /* Sources */ = {
			isa = PBXSourcesBuildPhase;
			buildActionMask = 2147483647;
			files = (
				100BAA811CBC19F4001EADAB /* ViewController.m in Sources */,
				100BAA7E1CBC19F4001EADAB /* AppDelegate.m in Sources */,
				100BAA941CBC1BC8001EADAB /* ChatViewController.m in Sources */,
				100BAA7B1CBC19F4001EADAB /* main.m in Sources */,
			);
			runOnlyForDeploymentPostprocessing = 0;
		};
/* End PBXSourcesBuildPhase section */

/* Begin PBXVariantGroup section */
		100BAA821CBC19F4001EADAB /* Main.storyboard */ = {
			isa = PBXVariantGroup;
			children = (
				100BAA831CBC19F4001EADAB /* Base */,
			);
			name = Main.storyboard;
			sourceTree = "<group>";
		};
		100BAA871CBC19F4001EADAB /* LaunchScreen.storyboard */ = {
			isa = PBXVariantGroup;
			children = (
				100BAA881CBC19F4001EADAB /* Base */,
			);
			name = LaunchScreen.storyboard;
			sourceTree = "<group>";
		};
/* End PBXVariantGroup section */

/* Begin XCBuildConfiguration section */
		100BAA8B1CBC19F4001EADAB /* Debug */ = {
			isa = XCBuildConfiguration;
			buildSettings = {
				ALWAYS_SEARCH_USER_PATHS = NO;
				CLANG_CXX_LANGUAGE_STANDARD = "gnu++0x";
				CLANG_CXX_LIBRARY = "libc++";
				CLANG_ENABLE_MODULES = YES;
				CLANG_ENABLE_OBJC_ARC = YES;
				CLANG_WARN_BOOL_CONVERSION = YES;
				CLANG_WARN_CONSTANT_CONVERSION = YES;
				CLANG_WARN_DIRECT_OBJC_ISA_USAGE = YES_ERROR;
				CLANG_WARN_EMPTY_BODY = YES;
				CLANG_WARN_ENUM_CONVERSION = YES;
				CLANG_WARN_INT_CONVERSION = YES;
				CLANG_WARN_OBJC_ROOT_CLASS = YES_ERROR;
				CLANG_WARN_UNREACHABLE_CODE = YES;
				CLANG_WARN__DUPLICATE_METHOD_MATCH = YES;
				"CODE_SIGN_IDENTITY[sdk=iphoneos*]" = "iPhone Developer";
				COPY_PHASE_STRIP = NO;
				DEBUG_INFORMATION_FORMAT = dwarf;
				ENABLE_STRICT_OBJC_MSGSEND = YES;
				ENABLE_TESTABILITY = YES;
				GCC_C_LANGUAGE_STANDARD = gnu99;
				GCC_DYNAMIC_NO_PIC = NO;
				GCC_NO_COMMON_BLOCKS = YES;
				GCC_OPTIMIZATION_LEVEL = 0;
				GCC_PREPROCESSOR_DEFINITIONS = (
					"DEBUG=1",
					"$(inherited)",
				);
				GCC_WARN_64_TO_32_BIT_CONVERSION = YES;
				GCC_WARN_ABOUT_RETURN_TYPE = YES_ERROR;
				GCC_WARN_UNDECLARED_SELECTOR = YES;
				GCC_WARN_UNINITIALIZED_AUTOS = YES_AGGRESSIVE;
				GCC_WARN_UNUSED_FUNCTION = YES;
				GCC_WARN_UNUSED_VARIABLE = YES;
				IPHONEOS_DEPLOYMENT_TARGET = 9.2;
				MTL_ENABLE_DEBUG_INFO = YES;
				ONLY_ACTIVE_ARCH = YES;
				SDKROOT = iphoneos;
				TARGETED_DEVICE_FAMILY = "1,2";
			};
			name = Debug;
		};
		100BAA8C1CBC19F4001EADAB /* Release */ = {
			isa = XCBuildConfiguration;
			buildSettings = {
				ALWAYS_SEARCH_USER_PATHS = NO;
				CLANG_CXX_LANGUAGE_STANDARD = "gnu++0x";
				CLANG_CXX_LIBRARY = "libc++";
				CLANG_ENABLE_MODULES = YES;
				CLANG_ENABLE_OBJC_ARC = YES;
				CLANG_WARN_BOOL_CONVERSION = YES;
				CLANG_WARN_CONSTANT_CONVERSION = YES;
				CLANG_WARN_DIRECT_OBJC_ISA_USAGE = YES_ERROR;
				CLANG_WARN_EMPTY_BODY = YES;
				CLANG_WARN_ENUM_CONVERSION = YES;
				CLANG_WARN_INT_CONVERSION = YES;
				CLANG_WARN_OBJC_ROOT_CLASS = YES_ERROR;
				CLANG_WARN_UNREACHABLE_CODE = YES;
				CLANG_WARN__DUPLICATE_METHOD_MATCH = YES;
				"CODE_SIGN_IDENTITY[sdk=iphoneos*]" = "iPhone Developer";
				COPY_PHASE_STRIP = NO;
				DEBUG_INFORMATION_FORMAT = "dwarf-with-dsym";
				ENABLE_NS_ASSERTIONS = NO;
				ENABLE_STRICT_OBJC_MSGSEND = YES;
				GCC_C_LANGUAGE_STANDARD = gnu99;
				GCC_NO_COMMON_BLOCKS = YES;
				GCC_WARN_64_TO_32_BIT_CONVERSION = YES;
				GCC_WARN_ABOUT_RETURN_TYPE = YES_ERROR;
				GCC_WARN_UNDECLARED_SELECTOR = YES;
				GCC_WARN_UNINITIALIZED_AUTOS = YES_AGGRESSIVE;
				GCC_WARN_UNUSED_FUNCTION = YES;
				GCC_WARN_UNUSED_VARIABLE = YES;
				IPHONEOS_DEPLOYMENT_TARGET = 9.2;
				MTL_ENABLE_DEBUG_INFO = NO;
				SDKROOT = iphoneos;
				TARGETED_DEVICE_FAMILY = "1,2";
				VALIDATE_PRODUCT = YES;
			};
			name = Release;
		};
		100BAA8E1CBC19F4001EADAB /* Debug */ = {
			isa = XCBuildConfiguration;
			buildSettings = {
				ASSETCATALOG_COMPILER_APPICON_NAME = AppIcon;
				INFOPLIST_FILE = Assignment8_1/Info.plist;
				LD_RUNPATH_SEARCH_PATHS = "$(inherited) @executable_path/Frameworks";
				PRODUCT_BUNDLE_IDENTIFIER = "techkids.Assignment8-1";
				PRODUCT_NAME = "$(TARGET_NAME)";
			};
			name = Debug;
		};
		100BAA8F1CBC19F4001EADAB /* Release */ = {
			isa = XCBuildConfiguration;
			buildSettings = {
				ASSETCATALOG_COMPILER_APPICON_NAME = AppIcon;
				INFOPLIST_FILE = Assignment8_1/Info.plist;
				LD_RUNPATH_SEARCH_PATHS = "$(inherited) @executable_path/Frameworks";
				PRODUCT_BUNDLE_IDENTIFIER = "techkids.Assignment8-1";
				PRODUCT_NAME = "$(TARGET_NAME)";
			};
			name = Release;
		};
/* End XCBuildConfiguration section */

/* Begin XCConfigurationList section */
		100BAA711CBC19F4001EADAB /* Build configuration list for PBXProject "Assignment8_1" */ = {
			isa = XCConfigurationList;
			buildConfigurations = (
				100BAA8B1CBC19F4001EADAB /* Debug */,
				100BAA8C1CBC19F4001EADAB /* Release */,
			);
			defaultConfigurationIsVisible = 0;
			defaultConfigurationName = Release;
		};
		100BAA8D1CBC19F4001EADAB /* Build configuration list for PBXNativeTarget "Assignment8_1" */ = {
			isa = XCConfigurationList;
			buildConfigurations = (
				100BAA8E1CBC19F4001EADAB /* Debug */,
				100BAA8F1CBC19F4001EADAB /* Release */,
			);
			defaultConfigurationIsVisible = 0;
		};
/* End XCConfigurationList section */
	};
	rootObject = 100BAA6E1CBC19F4001EADAB /* Project object */;
}
